
Microsoft Visual Studio Solution File, Format Version 12.00
# Visual Studio Version 17
VisualStudioVersion = 17.4.33110.190
MinimumVisualStudioVersion = 10.0.40219.1
Project("{9A19103F-16F7-4668-BE54-9A1E7A4F7556}") = "ShopArtApp", "ShopArtApp\ShopArtApp.csproj", "{7AB54A65-FE94-4001-91EA-436DAC5B7C93}"
EndProject
Global
	GlobalSection(SolutionConfigurationPlatforms) = preSolution
		Debug|Any CPU = Debug|Any CPU
		Release|Any CPU = Release|Any CPU
	EndGlobalSection
	GlobalSection(ProjectConfigurationPlatforms) = postSolution
		{7AB54A65-FE94-4001-91EA-436DAC5B7C93}.Debug|Any CPU.ActiveCfg = Debug|Any CPU
		{7AB54A65-FE94-4001-91EA-436DAC5B7C93}.Debug|Any CPU.Build.0 = Debug|Any CPU
		{7AB54A65-FE94-4001-91EA-436DAC5B7C93}.Release|Any CPU.ActiveCfg = Release|Any CPU
		{7AB54A65-FE94-4001-91EA-436DAC5B7C93}.Release|Any CPU.Build.0 = Release|Any CPU
	EndGlobalSection
	GlobalSection(SolutionProperties) = preSolution
		HideSolutionNode = FALSE
	EndGlobalSection
	GlobalSection(ExtensibilityGlobals) = postSolution
		SolutionGuid = {F8F01956-659B-436E-A8F7-CF3A19DA4B21}
	EndGlobalSection
EndGlobal
